// !$*UTF8*$!
{
	archiveVersion = 1;
	classes = {
	};
	objectVersion = 55;
	objects = {

/* Begin PBXBuildFile section */
		07F22653B08B247FC915FEDD /* Pods_ReceiptLottery.framework in Frameworks */ = {isa = PBXBuildFile; fileRef = 8969203C3FE425B5343BD488 /* Pods_ReceiptLottery.framework */; };
		8D1FEE4B27F5867C0098B7C4 /* Scraper.swift in Sources */ = {isa = PBXBuildFile; fileRef = 8D1FEE4A27F5867C0098B7C4 /* Scraper.swift */; };
		8D1FEE4D27F5BAEE0098B7C4 /* Award.swift in Sources */ = {isa = PBXBuildFile; fileRef = 8D1FEE4C27F5BAEE0098B7C4 /* Award.swift */; };
		8D24DE9227F48025006A323E /* AppDelegate.swift in Sources */ = {isa = PBXBuildFile; fileRef = 8D24DE9127F48025006A323E /* AppDelegate.swift */; };
		8D24DE9427F48025006A323E /* SceneDelegate.swift in Sources */ = {isa = PBXBuildFile; fileRef = 8D24DE9327F48025006A323E /* SceneDelegate.swift */; };
		8D24DE9627F48025006A323E /* ViewController.swift in Sources */ = {isa = PBXBuildFile; fileRef = 8D24DE9527F48025006A323E /* ViewController.swift */; };
		8D24DE9927F48025006A323E /* Main.storyboard in Resources */ = {isa = PBXBuildFile; fileRef = 8D24DE9727F48025006A323E /* Main.storyboard */; };
		8D24DE9B27F48026006A323E /* Assets.xcassets in Resources */ = {isa = PBXBuildFile; fileRef = 8D24DE9A27F48026006A323E /* Assets.xcassets */; };
		8D24DE9E27F48026006A323E /* LaunchScreen.storyboard in Resources */ = {isa = PBXBuildFile; fileRef = 8D24DE9C27F48026006A323E /* LaunchScreen.storyboard */; };
/* End PBXBuildFile section */

/* Begin PBXFileReference section */
		32A25DD312634A516601DDBA /* Pods-ReceiptLottery.release.xcconfig */ = {isa = PBXFileReference; includeInIndex = 1; lastKnownFileType = text.xcconfig; name = "Pods-ReceiptLottery.release.xcconfig"; path = "Target Support Files/Pods-ReceiptLottery/Pods-ReceiptLottery.release.xcconfig"; sourceTree = "<group>"; };
		8969203C3FE425B5343BD488 /* Pods_ReceiptLottery.framework */ = {isa = PBXFileReference; explicitFileType = wrapper.framework; includeInIndex = 0; path = Pods_ReceiptLottery.framework; sourceTree = BUILT_PRODUCTS_DIR; };
		8D1FEE4A27F5867C0098B7C4 /* Scraper.swift */ = {isa = PBXFileReference; lastKnownFileType = sourcecode.swift; path = Scraper.swift; sourceTree = "<group>"; };
		8D1FEE4C27F5BAEE0098B7C4 /* Award.swift */ = {isa = PBXFileReference; lastKnownFileType = sourcecode.swift; path = Award.swift; sourceTree = "<group>"; };
		8D24DE8E27F48025006A323E /* ReceiptLottery.app */ = {isa = PBXFileReference; explicitFileType = wrapper.application; includeInIndex = 0; path = ReceiptLottery.app; sourceTree = BUILT_PRODUCTS_DIR; };
		8D24DE9127F48025006A323E /* AppDelegate.swift */ = {isa = PBXFileReference; lastKnownFileType = sourcecode.swift; path = AppDelegate.swift; sourceTree = "<group>"; };
		8D24DE9327F48025006A323E /* SceneDelegate.swift */ = {isa = PBXFileReference; lastKnownFileType = sourcecode.swift; path = SceneDelegate.swift; sourceTree = "<group>"; };
		8D24DE9527F48025006A323E /* ViewController.swift */ = {isa = PBXFileReference; lastKnownFileType = sourcecode.swift; path = ViewController.swift; sourceTree = "<group>"; };
		8D24DE9827F48025006A323E /* Base */ = {isa = PBXFileReference; lastKnownFileType = file.storyboard; name = Base; path = Base.lproj/Main.storyboard; sourceTree = "<group>"; };
		8D24DE9A27F48026006A323E /* Assets.xcassets */ = {isa = PBXFileReference; lastKnownFileType = folder.assetcatalog; path = Assets.xcassets; sourceTree = "<group>"; };
		8D24DE9D27F48026006A323E /* Base */ = {isa = PBXFileReference; lastKnownFileType = file.storyboard; name = Base; path = Base.lproj/LaunchScreen.storyboard; sourceTree = "<group>"; };
		8D24DE9F27F48026006A323E /* Info.plist */ = {isa = PBXFileReference; lastKnownFileType = text.plist.xml; path = Info.plist; sourceTree = "<group>"; };
		CCBF7FE1D007144A2E3E5776 /* Pods-ReceiptLottery.debug.xcconfig */ = {isa = PBXFileReference; includeInIndex = 1; lastKnownFileType = text.xcconfig; name = "Pods-ReceiptLottery.debug.xcconfig"; path = "Target Support Files/Pods-ReceiptLottery/Pods-ReceiptLottery.debug.xcconfig"; sourceTree = "<group>"; };
/* End PBXFileReference section */

/* Begin PBXFrameworksBuildPhase section */
		8D24DE8B27F48025006A323E /* Frameworks */ = {
			isa = PBXFrameworksBuildPhase;
			buildActionMask = 2147483647;
			files = (
				07F22653B08B247FC915FEDD /* Pods_ReceiptLottery.framework in Frameworks */,
			);
			runOnlyForDeploymentPostprocessing = 0;
		};
/* End PBXFrameworksBuildPhase section */

/* Begin PBXGroup section */
		8D24DE8527F48025006A323E = {
			isa = PBXGroup;
			children = (
				8D24DE9027F48025006A323E /* ReceiptLottery */,
				8D24DE8F27F48025006A323E /* Products */,
				B69537A163817FC47AEA42CA /* Pods */,
				D83F8820E8E463CDC7DD77BC /* Frameworks */,
			);
			sourceTree = "<group>";
		};
		8D24DE8F27F48025006A323E /* Products */ = {
			isa = PBXGroup;
			children = (
				8D24DE8E27F48025006A323E /* ReceiptLottery.app */,
			);
			name = Products;
			sourceTree = "<group>";
		};
		8D24DE9027F48025006A323E /* ReceiptLottery */ = {
			isa = PBXGroup;
			children = (
				8D24DE9127F48025006A323E /* AppDelegate.swift */,
				8D24DE9327F48025006A323E /* SceneDelegate.swift */,
				8D24DE9527F48025006A323E /* ViewController.swift */,
				8D24DE9727F48025006A323E /* Main.storyboard */,
				8D24DE9A27F48026006A323E /* Assets.xcassets */,
				8D24DE9C27F48026006A323E /* LaunchScreen.storyboard */,
				8D24DE9F27F48026006A323E /* Info.plist */,
				8D1FEE4A27F5867C0098B7C4 /* Scraper.swift */,
				8D1FEE4C27F5BAEE0098B7C4 /* Award.swift */,
			);
			path = ReceiptLottery;
			sourceTree = "<group>";
		};
		B69537A163817FC47AEA42CA /* Pods */ = {
			isa = PBXGroup;
			children = (
				CCBF7FE1D007144A2E3E5776 /* Pods-ReceiptLottery.debug.xcconfig */,
				32A25DD312634A516601DDBA /* Pods-ReceiptLottery.release.xcconfig */,
			);
			path = Pods;
			sourceTree = "<group>";
		};
		D83F8820E8E463CDC7DD77BC /* Frameworks */ = {
			isa = PBXGroup;
			children = (
				8969203C3FE425B5343BD488 /* Pods_ReceiptLottery.framework */,
			);
			name = Frameworks;
			sourceTree = "<group>";
		};
/* End PBXGroup section */

/* Begin PBXNativeTarget section */
		8D24DE8D27F48025006A323E /* ReceiptLottery */ = {
			isa = PBXNativeTarget;
			buildConfigurationList = 8D24DEA227F48026006A323E /* Build configuration list for PBXNativeTarget "ReceiptLottery" */;
			buildPhases = (
				590834BFC75DA669712A95D7 /* [CP] Check Pods Manifest.lock */,
				8D24DE8A27F48025006A323E /* Sources */,
				8D24DE8B27F48025006A323E /* Frameworks */,
				8D24DE8C27F48025006A323E /* Resources */,
				77CE5FD1D49A46B54ABA9603 /* [CP] Embed Pods Frameworks */,
			);
			buildRules = (
			);
			dependencies = (
			);
			name = ReceiptLottery;
			productName = ReceiptLottery;
			productReference = 8D24DE8E27F48025006A323E /* ReceiptLottery.app */;
			productType = "com.apple.product-type.application";
		};
/* End PBXNativeTarget section */

/* Begin PBXProject section */
		8D24DE8627F48025006A323E /* Project object */ = {
			isa = PBXProject;
			attributes = {
				BuildIndependentTargetsInParallel = 1;
				LastSwiftUpdateCheck = 1300;
				LastUpgradeCheck = 1300;
				TargetAttributes = {
					8D24DE8D27F48025006A323E = {
						CreatedOnToolsVersion = 13.0;
					};
				};
			};
			buildConfigurationList = 8D24DE8927F48025006A323E /* Build configuration list for PBXProject "ReceiptLottery" */;
			compatibilityVersion = "Xcode 13.0";
			developmentRegion = en;
			hasScannedForEncodings = 0;
			knownRegions = (
				en,
				Base,
			);
			mainGroup = 8D24DE8527F48025006A323E;
			productRefGroup = 8D24DE8F27F48025006A323E /* Products */;
			projectDirPath = "";
			projectRoot = "";
			targets = (
				8D24DE8D27F48025006A323E /* ReceiptLottery */,
			);
		};
/* End PBXProject section */

/* Begin PBXResourcesBuildPhase section */
		8D24DE8C27F48025006A323E /* Resources */ = {
			isa = PBXResourcesBuildPhase;
			buildActionMask = 2147483647;
			files = (
				8D24DE9E27F48026006A323E /* LaunchScreen.storyboard in Resources */,
				8D24DE9B27F48026006A323E /* Assets.xcassets in Resources */,
				8D24DE9927F48025006A323E /* Main.storyboard in Resources */,
			);
			runOnlyForDeploymentPostprocessing = 0;
		};
/* End PBXResourcesBuildPhase section */

/* Begin PBXShellScriptBuildPhase section */
		590834BFC75DA669712A95D7 /* [CP] Check Pods Manifest.lock */ = {
			isa = PBXShellScriptBuildPhase;
			buildActionMask = 2147483647;
			files = (
			);
			inputFileListPaths = (
			);
			inputPaths = (
				"${PODS_PODFILE_DIR_PATH}/Podfile.lock",
				"${PODS_ROOT}/Manifest.lock",
			);
			name = "[CP] Check Pods Manifest.lock";
			outputFileListPaths = (
			);
			outputPaths = (
				"$(DERIVED_FILE_DIR)/Pods-ReceiptLottery-checkManifestLockResult.txt",
			);
			runOnlyForDeploymentPostprocessing = 0;
			shellPath = /bin/sh;
			shellScript = "diff \"${PODS_PODFILE_DIR_PATH}/Podfile.lock\" \"${PODS_ROOT}/Manifest.lock\" > /dev/null\nif [ $? != 0 ] ; then\n    # print error to STDERR\n    echo \"error: The sandbox is not in sync with the Podfile.lock. Run 'pod install' or update your CocoaPods installation.\" >&2\n    exit 1\nfi\n# This output is used by Xcode 'outputs' to avoid re-running this script phase.\necho \"SUCCESS\" > \"${SCRIPT_OUTPUT_FILE_0}\"\n";
			showEnvVarsInLog = 0;
		};
		77CE5FD1D49A46B54ABA9603 /* [CP] Embed Pods Frameworks */ = {
			isa = PBXShellScriptBuildPhase;
			buildActionMask = 2147483647;
			files = (
			);
			inputFileListPaths = (
				"${PODS_ROOT}/Target Support Files/Pods-ReceiptLottery/Pods-ReceiptLottery-frameworks-${CONFIGURATION}-input-files.xcfilelist",
			);
			name = "[CP] Embed Pods Frameworks";
			outputFileListPaths = (
				"${PODS_ROOT}/Target Support Files/Pods-ReceiptLottery/Pods-ReceiptLottery-frameworks-${CONFIGURATION}-output-files.xcfilelist",
			);
			runOnlyForDeploymentPostprocessing = 0;
			shellPath = /bin/sh;
			shellScript = "\"${PODS_ROOT}/Target Support Files/Pods-ReceiptLottery/Pods-ReceiptLottery-frameworks.sh\"\n";
			showEnvVarsInLog = 0;
		};
/* End PBXShellScriptBuildPhase section */

/* Begin PBXSourcesBuildPhase section */
		8D24DE8A27F48025006A323E /* Sources */ = {
			isa = PBXSourcesBuildPhase;
			buildActionMask = 2147483647;
			files = (
				8D1FEE4B27F5867C0098B7C4 /* Scraper.swift in Sources */,
				8D24DE9627F48025006A323E /* ViewController.swift in Sources */,
				8D24DE9227F48025006A323E /* AppDelegate.swift in Sources */,
				8D1FEE4D27F5BAEE0098B7C4 /* Award.swift in Sources */,
				8D24DE9427F48025006A323E /* SceneDelegate.swift in Sources */,
			);
			runOnlyForDeploymentPostprocessing = 0;
		};
/* End PBXSourcesBuildPhase section */

/* Begin PBXVariantGroup section */
		8D24DE9727F48025006A323E /* Main.storyboard */ = {
			isa = PBXVariantGroup;
			children = (
				8D24DE9827F48025006A323E /* Base */,
			);
			name = Main.storyboard;
			sourceTree = "<group>";
		};
		8D24DE9C27F48026006A323E /* LaunchScreen.storyboard */ = {
			isa = PBXVariantGroup;
			children = (
				8D24DE9D27F48026006A323E /* Base */,
			);
			name = LaunchScreen.storyboard;
			sourceTree = "<group>";
		};
/* End PBXVariantGroup section */

/* Begin XCBuildConfiguration section */
		8D24DEA027F48026006A323E /* Debug */ = {
			isa = XCBuildConfiguration;
			buildSettings = {
				ALWAYS_SEARCH_USER_PATHS = NO;
				CLANG_ANALYZER_NONNULL = YES;
				CLANG_ANALYZER_NUMBER_OBJECT_CONVERSION = YES_AGGRESSIVE;
				CLANG_CXX_LANGUAGE_STANDARD = "gnu++17";
				CLANG_CXX_LIBRARY = "libc++";
				CLANG_ENABLE_MODULES = YES;
				CLANG_ENABLE_OBJC_ARC = YES;
				CLANG_ENABLE_OBJC_WEAK = YES;
				CLANG_WARN_BLOCK_CAPTURE_AUTORELEASING = YES;
				CLANG_WARN_BOOL_CONVERSION = YES;
				CLANG_WARN_COMMA = YES;
				CLANG_WARN_CONSTANT_CONVERSION = YES;
				CLANG_WARN_DEPRECATED_OBJC_IMPLEMENTATIONS = YES;
				CLANG_WARN_DIRECT_OBJC_ISA_USAGE = YES_ERROR;
				CLANG_WARN_DOCUMENTATION_COMMENTS = YES;
				CLANG_WARN_EMPTY_BODY = YES;
				CLANG_WARN_ENUM_CONVERSION = YES;
				CLANG_WARN_INFINITE_RECURSION = YES;
				CLANG_WARN_INT_CONVERSION = YES;
				CLANG_WARN_NON_LITERAL_NULL_CONVERSION = YES;
				CLANG_WARN_OBJC_IMPLICIT_RETAIN_SELF = YES;
				CLANG_WARN_OBJC_LITERAL_CONVERSION = YES;
				CLANG_WARN_OBJC_ROOT_CLASS = YES_ERROR;
				CLANG_WARN_QUOTED_INCLUDE_IN_FRAMEWORK_HEADER = YES;
				CLANG_WARN_RANGE_LOOP_ANALYSIS = YES;
				CLANG_WARN_STRICT_PROTOTYPES = YES;
				CLANG_WARN_SUSPICIOUS_MOVE = YES;
				CLANG_WARN_UNGUARDED_AVAILABILITY = YES_AGGRESSIVE;
				CLANG_WARN_UNREACHABLE_CODE = YES;
				CLANG_WARN__DUPLICATE_METHOD_MATCH = YES;
				COPY_PHASE_STRIP = NO;
				DEBUG_INFORMATION_FORMAT = dwarf;
				ENABLE_STRICT_OBJC_MSGSEND = YES;
				ENABLE_TESTABILITY = YES;
				GCC_C_LANGUAGE_STANDARD = gnu11;
				GCC_DYNAMIC_NO_PIC = NO;
				GCC_NO_COMMON_BLOCKS = YES;
				GCC_OPTIMIZATION_LEVEL = 0;
				GCC_PREPROCESSOR_DEFINITIONS = (
					"DEBUG=1",
					"$(inherited)",
				);
				GCC_WARN_64_TO_32_BIT_CONVERSION = YES;
				GCC_WARN_ABOUT_RETURN_TYPE = YES_ERROR;
				GCC_WARN_UNDECLARED_SELECTOR = YES;
				GCC_WARN_UNINITIALIZED_AUTOS = YES_AGGRESSIVE;
				GCC_WARN_UNUSED_FUNCTION = YES;
				GCC_WARN_UNUSED_VARIABLE = YES;
				IPHONEOS_DEPLOYMENT_TARGET = 15.0;
				MTL_ENABLE_DEBUG_INFO = INCLUDE_SOURCE;
				MTL_FAST_MATH = YES;
				ONLY_ACTIVE_ARCH = YES;
				SDKROOT = iphoneos;
				SWIFT_ACTIVE_COMPILATION_CONDITIONS = DEBUG;
				SWIFT_OPTIMIZATION_LEVEL = "-Onone";
			};
			name = Debug;
		};
		8D24DEA127F48026006A323E /* Release */ = {
			isa = XCBuildConfiguration;
			buildSettings = {
				ALWAYS_SEARCH_USER_PATHS = NO;
				CLANG_ANALYZER_NONNULL = YES;
				CLANG_ANALYZER_NUMBER_OBJECT_CONVERSION = YES_AGGRESSIVE;
				CLANG_CXX_LANGUAGE_STANDARD = "gnu++17";
				CLANG_CXX_LIBRARY = "libc++";
				CLANG_ENABLE_MODULES = YES;
				CLANG_ENABLE_OBJC_ARC = YES;
				CLANG_ENABLE_OBJC_WEAK = YES;
				CLANG_WARN_BLOCK_CAPTURE_AUTORELEASING = YES;
				CLANG_WARN_BOOL_CONVERSION = YES;
				CLANG_WARN_COMMA = YES;
				CLANG_WARN_CONSTANT_CONVERSION = YES;
				CLANG_WARN_DEPRECATED_OBJC_IMPLEMENTATIONS = YES;
				CLANG_WARN_DIRECT_OBJC_ISA_USAGE = YES_ERROR;
				CLANG_WARN_DOCUMENTATION_COMMENTS = YES;
				CLANG_WARN_EMPTY_BODY = YES;
				CLANG_WARN_ENUM_CONVERSION = YES;
				CLANG_WARN_INFINITE_RECURSION = YES;
				CLANG_WARN_INT_CONVERSION = YES;
				CLANG_WARN_NON_LITERAL_NULL_CONVERSION = YES;
				CLANG_WARN_OBJC_IMPLICIT_RETAIN_SELF = YES;
				CLANG_WARN_OBJC_LITERAL_CONVERSION = YES;
				CLANG_WARN_OBJC_ROOT_CLASS = YES_ERROR;
				CLANG_WARN_QUOTED_INCLUDE_IN_FRAMEWORK_HEADER = YES;
				CLANG_WARN_RANGE_LOOP_ANALYSIS = YES;
				CLANG_WARN_STRICT_PROTOTYPES = YES;
				CLANG_WARN_SUSPICIOUS_MOVE = YES;
				CLANG_WARN_UNGUARDED_AVAILABILITY = YES_AGGRESSIVE;
				CLANG_WARN_UNREACHABLE_CODE = YES;
				CLANG_WARN__DUPLICATE_METHOD_MATCH = YES;
				COPY_PHASE_STRIP = NO;
				DEBUG_INFORMATION_FORMAT = "dwarf-with-dsym";
				ENABLE_NS_ASSERTIONS = NO;
				ENABLE_STRICT_OBJC_MSGSEND = YES;
				GCC_C_LANGUAGE_STANDARD = gnu11;
				GCC_NO_COMMON_BLOCKS = YES;
				GCC_WARN_64_TO_32_BIT_CONVERSION = YES;
				GCC_WARN_ABOUT_RETURN_TYPE = YES_ERROR;
				GCC_WARN_UNDECLARED_SELECTOR = YES;
				GCC_WARN_UNINITIALIZED_AUTOS = YES_AGGRESSIVE;
				GCC_WARN_UNUSED_FUNCTION = YES;
				GCC_WARN_UNUSED_VARIABLE = YES;
				IPHONEOS_DEPLOYMENT_TARGET = 15.0;
				MTL_ENABLE_DEBUG_INFO = NO;
				MTL_FAST_MATH = YES;
				SDKROOT = iphoneos;
				SWIFT_COMPILATION_MODE = wholemodule;
				SWIFT_OPTIMIZATION_LEVEL = "-O";
				VALIDATE_PRODUCT = YES;
			};
			name = Release;
		};
		8D24DEA327F48026006A323E /* Debug */ = {
			isa = XCBuildConfiguration;
			baseConfigurationReference = CCBF7FE1D007144A2E3E5776 /* Pods-ReceiptLottery.debug.xcconfig */;
			buildSettings = {
				ASSETCATALOG_COMPILER_APPICON_NAME = AppIcon;
				ASSETCATALOG_COMPILER_GLOBAL_ACCENT_COLOR_NAME = AccentColor;
				CODE_SIGN_STYLE = Automatic;
				CURRENT_PROJECT_VERSION = 1;
				DEVELOPMENT_TEAM = RMFRRSQ9CJ;
				GENERATE_INFOPLIST_FILE = YES;
				INFOPLIST_FILE = ReceiptLottery/Info.plist;
				INFOPLIST_KEY_UIApplicationSupportsIndirectInputEvents = YES;
				INFOPLIST_KEY_UILaunchStoryboardName = LaunchScreen;
				INFOPLIST_KEY_UISupportedInterfaceOrientations_iPad = "UIInterfaceOrientationPortrait UIInterfaceOrientationPortraitUpsideDown UIInterfaceOrientationLandscapeLeft UIInterfaceOrientationLandscapeRight";
				INFOPLIST_KEY_UISupportedInterfaceOrientations_iPhone = "UIInterfaceOrientationPortrait UIInterfaceOrientationLandscapeLeft UIInterfaceOrientationLandscapeRight";
				LD_RUNPATH_SEARCH_PATHS = (
					"$(inherited)",
					"@executable_path/Frameworks",
				);
				MARKETING_VERSION = 1.0;
				PRODUCT_BUNDLE_IDENTIFIER = yuhsuan.ReceiptLottery;
				PRODUCT_NAME = "$(TARGET_NAME)";
				SWIFT_EMIT_LOC_STRINGS = YES;
				SWIFT_VERSION = 5.0;
				TARGETED_DEVICE_FAMILY = "1,2";
			};
			name = Debug;
		};
		8D24DEA427F48026006A323E /* Release */ = {
			isa = XCBuildConfiguration;
			baseConfigurationReference = 32A25DD312634A516601DDBA /* Pods-ReceiptLottery.release.xcconfig */;
			buildSettings = {
				ASSETCATALOG_COMPILER_APPICON_NAME = AppIcon;
				ASSETCATALOG_COMPILER_GLOBAL_ACCENT_COLOR_NAME = AccentColor;
				CODE_SIGN_STYLE = Automatic;
				CURRENT_PROJECT_VERSION = 1;
				DEVELOPMENT_TEAM = RMFRRSQ9CJ;
				GENERATE_INFOPLIST_FILE = YES;
				INFOPLIST_FILE = ReceiptLottery/Info.plist;
				INFOPLIST_KEY_UIApplicationSupportsIndirectInputEvents = YES;
				INFOPLIST_KEY_UILaunchStoryboardName = LaunchScreen;
				INFOPLIST_KEY_UISupportedInterfaceOrientations_iPad = "UIInterfaceOrientationPortrait UIInterfaceOrientationPortraitUpsideDown UIInterfaceOrientationLandscapeLeft UIInterfaceOrientationLandscapeRight";
				INFOPLIST_KEY_UISupportedInterfaceOrientations_iPhone = "UIInterfaceOrientationPortrait UIInterfaceOrientationLandscapeLeft UIInterfaceOrientationLandscapeRight";
				LD_RUNPATH_SEARCH_PATHS = (
					"$(inherited)",
					"@executable_path/Frameworks",
				);
				MARKETING_VERSION = 1.0;
				PRODUCT_BUNDLE_IDENTIFIER = yuhsuan.ReceiptLottery;
				PRODUCT_NAME = "$(TARGET_NAME)";
				SWIFT_EMIT_LOC_STRINGS = YES;
				SWIFT_VERSION = 5.0;
				TARGETED_DEVICE_FAMILY = "1,2";
			};
			name = Release;
		};
/* End XCBuildConfiguration section */

/* Begin XCConfigurationList section */
		8D24DE8927F48025006A323E /* Build configuration list for PBXProject "ReceiptLottery" */ = {
			isa = XCConfigurationList;
			buildConfigurations = (
				8D24DEA027F48026006A323E /* Debug */,
				8D24DEA127F48026006A323E /* Release */,
			);
			defaultConfigurationIsVisible = 0;
			defaultConfigurationName = Release;
		};
		8D24DEA227F48026006A323E /* Build configuration list for PBXNativeTarget "ReceiptLottery" */ = {
			isa = XCConfigurationList;
			buildConfigurations = (
				8D24DEA327F48026006A323E /* Debug */,
				8D24DEA427F48026006A323E /* Release */,
			);
			defaultConfigurationIsVisible = 0;
			defaultConfigurationName = Release;
		};
/* End XCConfigurationList section */
	};
	rootObject = 8D24DE8627F48025006A323E /* Project object */;
}
